// !$*UTF8*$!
{
	archiveVersion = 1;
	classes = {
	};
	objectVersion = 46;
	objects = {

/* Begin PBXBuildFile section */
		FC7CC36D1DEF2D6C0056F710 /* AppDelegate.swift in Sources */ = {isa = PBXBuildFile; fileRef = FC7CC36C1DEF2D6C0056F710 /* AppDelegate.swift */; };
		FC7CC36F1DEF2D6C0056F710 /* ViewController.swift in Sources */ = {isa = PBXBuildFile; fileRef = FC7CC36E1DEF2D6C0056F710 /* ViewController.swift */; };
		FC7CC3721DEF2D6C0056F710 /* Main.storyboard in Resources */ = {isa = PBXBuildFile; fileRef = FC7CC3701DEF2D6C0056F710 /* Main.storyboard */; };
		FC7CC3741DEF2D6C0056F710 /* Assets.xcassets in Resources */ = {isa = PBXBuildFile; fileRef = FC7CC3731DEF2D6C0056F710 /* Assets.xcassets */; };
		FC7CC3771DEF2D6C0056F710 /* LaunchScreen.storyboard in Resources */ = {isa = PBXBuildFile; fileRef = FC7CC3751DEF2D6C0056F710 /* LaunchScreen.storyboard */; };
		FC7CC37F1DEF2D8A0056F710 /* KWGoogleLikeSpinner.swift in Sources */ = {isa = PBXBuildFile; fileRef = FC7CC37E1DEF2D8A0056F710 /* KWGoogleLikeSpinner.swift */; };
/* End PBXBuildFile section */

/* Begin PBXFileReference section */
		FC7CC3691DEF2D6C0056F710 /* KWGoogleLikeSpinner.app */ = {isa = PBXFileReference; explicitFileType = wrapper.application; includeInIndex = 0; path = KWGoogleLikeSpinner.app; sourceTree = BUILT_PRODUCTS_DIR; };
		FC7CC36C1DEF2D6C0056F710 /* AppDelegate.swift */ = {isa = PBXFileReference; lastKnownFileType = sourcecode.swift; path = AppDelegate.swift; sourceTree = "<group>"; };
		FC7CC36E1DEF2D6C0056F710 /* ViewController.swift */ = {isa = PBXFileReference; lastKnownFileType = sourcecode.swift; path = ViewController.swift; sourceTree = "<group>"; };
		FC7CC3711DEF2D6C0056F710 /* Base */ = {isa = PBXFileReference; lastKnownFileType = file.storyboard; name = Base; path = Base.lproj/Main.storyboard; sourceTree = "<group>"; };
		FC7CC3731DEF2D6C0056F710 /* Assets.xcassets */ = {isa = PBXFileReference; lastKnownFileType = folder.assetcatalog; path = Assets.xcassets; sourceTree = "<group>"; };
		FC7CC3761DEF2D6C0056F710 /* Base */ = {isa = PBXFileReference; lastKnownFileType = file.storyboard; name = Base; path = Base.lproj/LaunchScreen.storyboard; sourceTree = "<group>"; };
		FC7CC3781DEF2D6C0056F710 /* Info.plist */ = {isa = PBXFileReference; lastKnownFileType = text.plist.xml; path = Info.plist; sourceTree = "<group>"; };
		FC7CC37E1DEF2D8A0056F710 /* KWGoogleLikeSpinner.swift */ = {isa = PBXFileReference; fileEncoding = 4; lastKnownFileType = sourcecode.swift; path = KWGoogleLikeSpinner.swift; sourceTree = "<group>"; };
/* End PBXFileReference section */

/* Begin PBXFrameworksBuildPhase section */
		FC7CC3661DEF2D6C0056F710 /* Frameworks */ = {
			isa = PBXFrameworksBuildPhase;
			buildActionMask = 2147483647;
			files = (
			);
			runOnlyForDeploymentPostprocessing = 0;
		};
/* End PBXFrameworksBuildPhase section */

/* Begin PBXGroup section */
		FC7CC3601DEF2D6C0056F710 = {
			isa = PBXGroup;
			children = (
				FC7CC36B1DEF2D6C0056F710 /* KWGoogleLikeSpinner */,
				FC7CC36A1DEF2D6C0056F710 /* Products */,
			);
			sourceTree = "<group>";
		};
		FC7CC36A1DEF2D6C0056F710 /* Products */ = {
			isa = PBXGroup;
			children = (
				FC7CC3691DEF2D6C0056F710 /* KWGoogleLikeSpinner.app */,
			);
			name = Products;
			sourceTree = "<group>";
		};
		FC7CC36B1DEF2D6C0056F710 /* KWGoogleLikeSpinner */ = {
			isa = PBXGroup;
			children = (
				FC7CC36C1DEF2D6C0056F710 /* AppDelegate.swift */,
				FC7CC36E1DEF2D6C0056F710 /* ViewController.swift */,
				FC7CC3701DEF2D6C0056F710 /* Main.storyboard */,
				FC7CC3731DEF2D6C0056F710 /* Assets.xcassets */,
				FC7CC3751DEF2D6C0056F710 /* LaunchScreen.storyboard */,
				FC7CC3781DEF2D6C0056F710 /* Info.plist */,
				FC7CC37E1DEF2D8A0056F710 /* KWGoogleLikeSpinner.swift */,
			);
			path = KWGoogleLikeSpinner;
			sourceTree = "<group>";
		};
/* End PBXGroup section */

/* Begin PBXNativeTarget section */
		FC7CC3681DEF2D6C0056F710 /* KWGoogleLikeSpinner */ = {
			isa = PBXNativeTarget;
			buildConfigurationList = FC7CC37B1DEF2D6C0056F710 /* Build configuration list for PBXNativeTarget "KWGoogleLikeSpinner" */;
			buildPhases = (
				FC7CC3651DEF2D6C0056F710 /* Sources */,
				FC7CC3661DEF2D6C0056F710 /* Frameworks */,
				FC7CC3671DEF2D6C0056F710 /* Resources */,
			);
			buildRules = (
			);
			dependencies = (
			);
			name = KWGoogleLikeSpinner;
			productName = KWGoogleLikeSpinner;
			productReference = FC7CC3691DEF2D6C0056F710 /* KWGoogleLikeSpinner.app */;
			productType = "com.apple.product-type.application";
		};
/* End PBXNativeTarget section */

/* Begin PBXProject section */
		FC7CC3611DEF2D6C0056F710 /* Project object */ = {
			isa = PBXProject;
			attributes = {
				LastSwiftUpdateCheck = 0810;
				LastUpgradeCheck = 0810;
				ORGANIZATIONNAME = "Konrad Winkowski";
				TargetAttributes = {
					FC7CC3681DEF2D6C0056F710 = {
						CreatedOnToolsVersion = 8.1;
						DevelopmentTeam = 84ZHC3E5JV;
						ProvisioningStyle = Manual;
					};
				};
			};
			buildConfigurationList = FC7CC3641DEF2D6C0056F710 /* Build configuration list for PBXProject "KWGoogleLikeSpinner" */;
			compatibilityVersion = "Xcode 3.2";
			developmentRegion = English;
			hasScannedForEncodings = 0;
			knownRegions = (
				en,
				Base,
			);
			mainGroup = FC7CC3601DEF2D6C0056F710;
			productRefGroup = FC7CC36A1DEF2D6C0056F710 /* Products */;
			projectDirPath = "";
			projectRoot = "";
			targets = (
				FC7CC3681DEF2D6C0056F710 /* KWGoogleLikeSpinner */,
			);
		};
/* End PBXProject section */

/* Begin PBXResourcesBuildPhase section */
		FC7CC3671DEF2D6C0056F710 /* Resources */ = {
			isa = PBXResourcesBuildPhase;
			buildActionMask = 2147483647;
			files = (
				FC7CC3771DEF2D6C0056F710 /* LaunchScreen.storyboard in Resources */,
				FC7CC3741DEF2D6C0056F710 /* Assets.xcassets in Resources */,
				FC7CC3721DEF2D6C0056F710 /* Main.storyboard in Resources */,
			);
			runOnlyForDeploymentPostprocessing = 0;
		};
/* End PBXResourcesBuildPhase section */

/* Begin PBXSourcesBuildPhase section */
		FC7CC3651DEF2D6C0056F710 /* Sources */ = {
			isa = PBXSourcesBuildPhase;
			buildActionMask = 2147483647;
			files = (
				FC7CC36F1DEF2D6C0056F710 /* ViewController.swift in Sources */,
				FC7CC36D1DEF2D6C0056F710 /* AppDelegate.swift in Sources */,
				FC7CC37F1DEF2D8A0056F710 /* KWGoogleLikeSpinner.swift in Sources */,
			);
			runOnlyForDeploymentPostprocessing = 0;
		};
/* End PBXSourcesBuildPhase section */

/* Begin PBXVariantGroup section */
		FC7CC3701DEF2D6C0056F710 /* Main.storyboard */ = {
			isa = PBXVariantGroup;
			children = (
				FC7CC3711DEF2D6C0056F710 /* Base */,
			);
			name = Main.storyboard;
			sourceTree = "<group>";
		};
		FC7CC3751DEF2D6C0056F710 /* LaunchScreen.storyboard */ = {
			isa = PBXVariantGroup;
			children = (
				FC7CC3761DEF2D6C0056F710 /* Base */,
			);
			name = LaunchScreen.storyboard;
			sourceTree = "<group>";
		};
/* End PBXVariantGroup section */

/* Begin XCBuildConfiguration section */
		FC7CC3791DEF2D6C0056F710 /* Debug */ = {
			isa = XCBuildConfiguration;
			buildSettings = {
				ALWAYS_SEARCH_USER_PATHS = NO;
				CLANG_ANALYZER_NONNULL = YES;
				CLANG_CXX_LANGUAGE_STANDARD = "gnu++0x";
				CLANG_CXX_LIBRARY = "libc++";
				CLANG_ENABLE_MODULES = YES;
				CLANG_ENABLE_OBJC_ARC = YES;
				CLANG_WARN_BOOL_CONVERSION = YES;
				CLANG_WARN_CONSTANT_CONVERSION = YES;
				CLANG_WARN_DIRECT_OBJC_ISA_USAGE = YES_ERROR;
				CLANG_WARN_DOCUMENTATION_COMMENTS = YES;
				CLANG_WARN_EMPTY_BODY = YES;
				CLANG_WARN_ENUM_CONVERSION = YES;
				CLANG_WARN_INFINITE_RECURSION = YES;
				CLANG_WARN_INT_CONVERSION = YES;
				CLANG_WARN_OBJC_ROOT_CLASS = YES_ERROR;
				CLANG_WARN_SUSPICIOUS_MOVES = YES;
				CLANG_WARN_UNREACHABLE_CODE = YES;
				CLANG_WARN__DUPLICATE_METHOD_MATCH = YES;
				"CODE_SIGN_IDENTITY[sdk=iphoneos*]" = "iPhone Developer";
				COPY_PHASE_STRIP = NO;
				DEBUG_INFORMATION_FORMAT = dwarf;
				ENABLE_STRICT_OBJC_MSGSEND = YES;
				ENABLE_TESTABILITY = YES;
				GCC_C_LANGUAGE_STANDARD = gnu99;
				GCC_DYNAMIC_NO_PIC = NO;
				GCC_NO_COMMON_BLOCKS = YES;
				GCC_OPTIMIZATION_LEVEL = 0;
				GCC_PREPROCESSOR_DEFINITIONS = (
					"DEBUG=1",
					"$(inherited)",
				);
				GCC_WARN_64_TO_32_BIT_CONVERSION = YES;
				GCC_WARN_ABOUT_RETURN_TYPE = YES_ERROR;
				GCC_WARN_UNDECLARED_SELECTOR = YES;
				GCC_WARN_UNINITIALIZED_AUTOS = YES_AGGRESSIVE;
				GCC_WARN_UNUSED_FUNCTION = YES;
				GCC_WARN_UNUSED_VARIABLE = YES;
				IPHONEOS_DEPLOYMENT_TARGET = 10.1;
				MTL_ENABLE_DEBUG_INFO = YES;
				ONLY_ACTIVE_ARCH = YES;
				SDKROOT = iphoneos;
				SWIFT_ACTIVE_COMPILATION_CONDITIONS = DEBUG;
				SWIFT_OPTIMIZATION_LEVEL = "-Onone";
				TARGETED_DEVICE_FAMILY = "1,2";
			};
			name = Debug;
		};
		FC7CC37A1DEF2D6C0056F710 /* Release */ = {
			isa = XCBuildConfiguration;
			buildSettings = {
				ALWAYS_SEARCH_USER_PATHS = NO;
				CLANG_ANALYZER_NONNULL = YES;
				CLANG_CXX_LANGUAGE_STANDARD = "gnu++0x";
				CLANG_CXX_LIBRARY = "libc++";
				CLANG_ENABLE_MODULES = YES;
				CLANG_ENABLE_OBJC_ARC = YES;
				CLANG_WARN_BOOL_CONVERSION = YES;
				CLANG_WARN_CONSTANT_CONVERSION = YES;
				CLANG_WARN_DIRECT_OBJC_ISA_USAGE = YES_ERROR;
				CLANG_WARN_DOCUMENTATION_COMMENTS = YES;
				CLANG_WARN_EMPTY_BODY = YES;
				CLANG_WARN_ENUM_CONVERSION = YES;
				CLANG_WARN_INFINITE_RECURSION = YES;
				CLANG_WARN_INT_CONVERSION = YES;
				CLANG_WARN_OBJC_ROOT_CLASS = YES_ERROR;
				CLANG_WARN_SUSPICIOUS_MOVES = YES;
				CLANG_WARN_UNREACHABLE_CODE = YES;
				CLANG_WARN__DUPLICATE_METHOD_MATCH = YES;
				"CODE_SIGN_IDENTITY[sdk=iphoneos*]" = "iPhone Developer";
				COPY_PHASE_STRIP = NO;
				DEBUG_INFORMATION_FORMAT = "dwarf-with-dsym";
				ENABLE_NS_ASSERTIONS = NO;
				ENABLE_STRICT_OBJC_MSGSEND = YES;
				GCC_C_LANGUAGE_STANDARD = gnu99;
				GCC_NO_COMMON_BLOCKS = YES;
				GCC_WARN_64_TO_32_BIT_CONVERSION = YES;
				GCC_WARN_ABOUT_RETURN_TYPE = YES_ERROR;
				GCC_WARN_UNDECLARED_SELECTOR = YES;
				GCC_WARN_UNINITIALIZED_AUTOS = YES_AGGRESSIVE;
				GCC_WARN_UNUSED_FUNCTION = YES;
				GCC_WARN_UNUSED_VARIABLE = YES;
				IPHONEOS_DEPLOYMENT_TARGET = 10.1;
				MTL_ENABLE_DEBUG_INFO = NO;
				SDKROOT = iphoneos;
				SWIFT_OPTIMIZATION_LEVEL = "-Owholemodule";
				TARGETED_DEVICE_FAMILY = "1,2";
				VALIDATE_PRODUCT = YES;
			};
			name = Release;
		};
		FC7CC37C1DEF2D6C0056F710 /* Debug */ = {
			isa = XCBuildConfiguration;
			buildSettings = {
				ASSETCATALOG_COMPILER_APPICON_NAME = AppIcon;
				"CODE_SIGN_IDENTITY[sdk=iphoneos*]" = "";
				DEVELOPMENT_TEAM = "";
				INFOPLIST_FILE = KWGoogleLikeSpinner/Info.plist;
				IPHONEOS_DEPLOYMENT_TARGET = 9.0;
				LD_RUNPATH_SEARCH_PATHS = "$(inherited) @executable_path/Frameworks";
				PRODUCT_BUNDLE_IDENTIFIER = com.KWGoogleLikeSpinner;
				PRODUCT_NAME = "$(TARGET_NAME)";
				PROVISIONING_PROFILE = "";
				PROVISIONING_PROFILE_SPECIFIER = "";
				SWIFT_VERSION = 3.0;
			};
			name = Debug;
		};
		FC7CC37D1DEF2D6C0056F710 /* Release */ = {
			isa = XCBuildConfiguration;
			buildSettings = {
				ASSETCATALOG_COMPILER_APPICON_NAME = AppIcon;
				"CODE_SIGN_IDENTITY[sdk=iphoneos*]" = "";
				DEVELOPMENT_TEAM = "";
				INFOPLIST_FILE = KWGoogleLikeSpinner/Info.plist;
				IPHONEOS_DEPLOYMENT_TARGET = 9.0;
				LD_RUNPATH_SEARCH_PATHS = "$(inherited) @executable_path/Frameworks";
				PRODUCT_BUNDLE_IDENTIFIER = com.KWGoogleLikeSpinner;
				PRODUCT_NAME = "$(TARGET_NAME)";
				SWIFT_VERSION = 3.0;
			};
			name = Release;
		};
/* End XCBuildConfiguration section */

/* Begin XCConfigurationList section */
		FC7CC3641DEF2D6C0056F710 /* Build configuration list for PBXProject "KWGoogleLikeSpinner" */ = {
			isa = XCConfigurationList;
			buildConfigurations = (
				FC7CC3791DEF2D6C0056F710 /* Debug */,
				FC7CC37A1DEF2D6C0056F710 /* Release */,
			);
			defaultConfigurationIsVisible = 0;
			defaultConfigurationName = Release;
		};
		FC7CC37B1DEF2D6C0056F710 /* Build configuration list for PBXNativeTarget "KWGoogleLikeSpinner" */ = {
			isa = XCConfigurationList;
			buildConfigurations = (
				FC7CC37C1DEF2D6C0056F710 /* Debug */,
				FC7CC37D1DEF2D6C0056F710 /* Release */,
			);
			defaultConfigurationIsVisible = 0;
			defaultConfigurationName = Release;
		};
/* End XCConfigurationList section */
	};
	rootObject = FC7CC3611DEF2D6C0056F710 /* Project object */;
}
